
Microsoft Visual Studio Solution File, Format Version 12.00
# Visual Studio Version 16
VisualStudioVersion = 16.0.31410.357
MinimumVisualStudioVersion = 10.0.40219.1
Project("{FAE04EC0-301F-11D3-BF4B-00C04F79EFBC}") = "TennisMatch", "TennisMatch\TennisMatch.csproj", "{755DA2E5-87C5-4225-8856-0942C00EF94E}"
EndProject
Global
	GlobalSection(SolutionConfigurationPlatforms) = preSolution
		Debug|Any CPU = Debug|Any CPU
		Release|Any CPU = Release|Any CPU
	EndGlobalSection
	GlobalSection(ProjectConfigurationPlatforms) = postSolution
		{755DA2E5-87C5-4225-8856-0942C00EF94E}.Debug|Any CPU.ActiveCfg = Debug|Any CPU
		{755DA2E5-87C5-4225-8856-0942C00EF94E}.Debug|Any CPU.Build.0 = Debug|Any CPU
		{755DA2E5-87C5-4225-8856-0942C00EF94E}.Release|Any CPU.ActiveCfg = Release|Any CPU
		{755DA2E5-87C5-4225-8856-0942C00EF94E}.Release|Any CPU.Build.0 = Release|Any CPU
	EndGlobalSection
	GlobalSection(SolutionProperties) = preSolution
		HideSolutionNode = FALSE
	EndGlobalSection
	GlobalSection(ExtensibilityGlobals) = postSolution
		SolutionGuid = {CDA6616B-EFAA-43E3-A3FB-22D5325670E9}
	EndGlobalSection
EndGlobal
